
Microsoft Visual Studio Solution File, Format Version 12.00
# Visual Studio Version 17
VisualStudioVersion = 17.3.32811.315
MinimumVisualStudioVersion = 10.0.40219.1
Project("{8BC9CEB8-8B4A-11D0-8D11-00A0C91BC942}") = "WinApi", "WinApi\WinApi.vcxproj", "{A268BB01-A19A-4419-A964-150341952579}"
EndProject
Global
	GlobalSection(SolutionConfigurationPlatforms) = preSolution
		Debug|x64 = Debug|x64
		Debug|x86 = Debug|x86
		Release|x64 = Release|x64
		Release|x86 = Release|x86
	EndGlobalSection
	GlobalSection(ProjectConfigurationPlatforms) = postSolution
		{A268BB01-A19A-4419-A964-150341952579}.Debug|x64.ActiveCfg = Debug|x64
		{A268BB01-A19A-4419-A964-150341952579}.Debug|x64.Build.0 = Debug|x64
		{A268BB01-A19A-4419-A964-150341952579}.Debug|x86.ActiveCfg = Debug|Win32
		{A268BB01-A19A-4419-A964-150341952579}.Debug|x86.Build.0 = Debug|Win32
		{A268BB01-A19A-4419-A964-150341952579}.Release|x64.ActiveCfg = Release|x64
		{A268BB01-A19A-4419-A964-150341952579}.Release|x64.Build.0 = Release|x64
		{A268BB01-A19A-4419-A964-150341952579}.Release|x86.ActiveCfg = Release|Win32
		{A268BB01-A19A-4419-A964-150341952579}.Release|x86.Build.0 = Release|Win32
	EndGlobalSection
	GlobalSection(SolutionProperties) = preSolution
		HideSolutionNode = FALSE
	EndGlobalSection
	GlobalSection(ExtensibilityGlobals) = postSolution
		SolutionGuid = {CD7BECF1-39D9-4785-85BB-25675E3A3B1B}
	EndGlobalSection
EndGlobal
